
Microsoft Visual Studio Solution File, Format Version 12.00
# Visual Studio Version 17
VisualStudioVersion = 17.13.35913.81
MinimumVisualStudioVersion = 10.0.40219.1
Project("{FAE04EC0-301F-11D3-BF4B-00C04F79EFBC}") = "AllureControl", "Main\AllureControl.csproj", "{55D0E0D6-0AD2-4FB1-9082-4D4D4772609C}"
EndProject
Global
	GlobalSection(SolutionConfigurationPlatforms) = preSolution
		Debug|Any CPU = Debug|Any CPU
		Release|Any CPU = Release|Any CPU
	EndGlobalSection
	GlobalSection(ProjectConfigurationPlatforms) = postSolution
		{55D0E0D6-0AD2-4FB1-9082-4D4D4772609C}.Debug|Any CPU.ActiveCfg = Debug|Any CPU
		{55D0E0D6-0AD2-4FB1-9082-4D4D4772609C}.Debug|Any CPU.Build.0 = Debug|Any CPU
		{55D0E0D6-0AD2-4FB1-9082-4D4D4772609C}.Release|Any CPU.ActiveCfg = Release|Any CPU
		{55D0E0D6-0AD2-4FB1-9082-4D4D4772609C}.Release|Any CPU.Build.0 = Release|Any CPU
	EndGlobalSection
	GlobalSection(SolutionProperties) = preSolution
		HideSolutionNode = FALSE
	EndGlobalSection
	GlobalSection(ExtensibilityGlobals) = postSolution
		SolutionGuid = {B802ADE6-4B09-4664-B138-17E92E7D010E}
	EndGlobalSection
EndGlobal
